
Microsoft Visual Studio Solution File, Format Version 12.00
# Visual Studio Version 17
VisualStudioVersion = 17.10.34928.147
MinimumVisualStudioVersion = 10.0.40219.1
Project("{FAE04EC0-301F-11D3-BF4B-00C04F79EFBC}") = "pizzaStore", "pizzaStore\pizzaStore.csproj", "{F2DC63D2-A65C-4C86-8D2C-32EA93B49A58}"
EndProject
Global
	GlobalSection(SolutionConfigurationPlatforms) = preSolution
		Debug|Any CPU = Debug|Any CPU
		Release|Any CPU = Release|Any CPU
	EndGlobalSection
	GlobalSection(ProjectConfigurationPlatforms) = postSolution
		{F2DC63D2-A65C-4C86-8D2C-32EA93B49A58}.Debug|Any CPU.ActiveCfg = Debug|Any CPU
		{F2DC63D2-A65C-4C86-8D2C-32EA93B49A58}.Debug|Any CPU.Build.0 = Debug|Any CPU
		{F2DC63D2-A65C-4C86-8D2C-32EA93B49A58}.Release|Any CPU.ActiveCfg = Release|Any CPU
		{F2DC63D2-A65C-4C86-8D2C-32EA93B49A58}.Release|Any CPU.Build.0 = Release|Any CPU
	EndGlobalSection
	GlobalSection(SolutionProperties) = preSolution
		HideSolutionNode = FALSE
	EndGlobalSection
	GlobalSection(ExtensibilityGlobals) = postSolution
		SolutionGuid = {A5998C1C-D08C-4F73-8CE8-AD8F28BFA383}
	EndGlobalSection
EndGlobal
